
Microsoft Visual Studio Solution File, Format Version 12.00
# Visual Studio Version 17
VisualStudioVersion = 17.14.36811.4
MinimumVisualStudioVersion = 10.0.40219.1
Project("{FAE04EC0-301F-11D3-BF4B-00C04F79EFBC}") = "Han", "Han\Han.csproj", "{D449D9A3-D0CC-408B-940F-9208C207507D}"
EndProject
Global
	GlobalSection(SolutionConfigurationPlatforms) = preSolution
		Debug|Any CPU = Debug|Any CPU
		Debug|x64 = Debug|x64
		Release|Any CPU = Release|Any CPU
		Release|x64 = Release|x64
	EndGlobalSection
	GlobalSection(ProjectConfigurationPlatforms) = postSolution
		{D449D9A3-D0CC-408B-940F-9208C207507D}.Debug|Any CPU.ActiveCfg = Debug|Any CPU
		{D449D9A3-D0CC-408B-940F-9208C207507D}.Debug|Any CPU.Build.0 = Debug|Any CPU
		{D449D9A3-D0CC-408B-940F-9208C207507D}.Debug|x64.ActiveCfg = Debug|x64
		{D449D9A3-D0CC-408B-940F-9208C207507D}.Debug|x64.Build.0 = Debug|x64
		{D449D9A3-D0CC-408B-940F-9208C207507D}.Release|Any CPU.ActiveCfg = Release|Any CPU
		{D449D9A3-D0CC-408B-940F-9208C207507D}.Release|Any CPU.Build.0 = Release|Any CPU
		{D449D9A3-D0CC-408B-940F-9208C207507D}.Release|x64.ActiveCfg = Release|x64
		{D449D9A3-D0CC-408B-940F-9208C207507D}.Release|x64.Build.0 = Release|x64
	EndGlobalSection
	GlobalSection(SolutionProperties) = preSolution
		HideSolutionNode = FALSE
	EndGlobalSection
	GlobalSection(ExtensibilityGlobals) = postSolution
		SolutionGuid = {2C045725-A6CD-4F41-BA6E-0D750C1230A9}
	EndGlobalSection
EndGlobal
